
Microsoft Visual Studio Solution File, Format Version 12.00
# Visual Studio Version 16
VisualStudioVersion = 16.0.29806.167
MinimumVisualStudioVersion = 10.0.40219.1
Project("{9A19103F-16F7-4668-BE54-9A1E7A4F7556}") = "FizX.Core", "FizX.Core\FizX.Core.csproj", "{7ECA7F5F-34AB-42FC-9905-FE0FF209BE93}"
EndProject
Project("{9A19103F-16F7-4668-BE54-9A1E7A4F7556}") = "FizX.Core.Test", "FizX.Core.Test\FizX.Core.Test.csproj", "{57362EC0-7F79-4CB4-808C-571AC6C9C4EB}"
EndProject
Project("{FAE04EC0-301F-11D3-BF4B-00C04F79EFBC}") = "FizX.Physics", "FizX.Physics\FizX.Physics.csproj", "{38883113-D556-4601-BDDE-B6B839139880}"
EndProject
Project("{FAE04EC0-301F-11D3-BF4B-00C04F79EFBC}") = "FizX.Physics.Test", "FizX.Physics.Test\FizX.Physics.Test.csproj", "{B8371C0B-2EE9-4CE6-97C7-D8A045A17EEC}"
EndProject
Global
	GlobalSection(SolutionConfigurationPlatforms) = preSolution
		Debug|Any CPU = Debug|Any CPU
		Debug|x64 = Debug|x64
		Debug|x86 = Debug|x86
		Release|Any CPU = Release|Any CPU
		Release|x64 = Release|x64
		Release|x86 = Release|x86
	EndGlobalSection
	GlobalSection(ProjectConfigurationPlatforms) = postSolution
		{7ECA7F5F-34AB-42FC-9905-FE0FF209BE93}.Debug|Any CPU.ActiveCfg = Debug|Any CPU
		{7ECA7F5F-34AB-42FC-9905-FE0FF209BE93}.Debug|Any CPU.Build.0 = Debug|Any CPU
		{7ECA7F5F-34AB-42FC-9905-FE0FF209BE93}.Debug|x64.ActiveCfg = Debug|Any CPU
		{7ECA7F5F-34AB-42FC-9905-FE0FF209BE93}.Debug|x64.Build.0 = Debug|Any CPU
		{7ECA7F5F-34AB-42FC-9905-FE0FF209BE93}.Debug|x86.ActiveCfg = Debug|Any CPU
		{7ECA7F5F-34AB-42FC-9905-FE0FF209BE93}.Debug|x86.Build.0 = Debug|Any CPU
		{7ECA7F5F-34AB-42FC-9905-FE0FF209BE93}.Release|Any CPU.ActiveCfg = Release|Any CPU
		{7ECA7F5F-34AB-42FC-9905-FE0FF209BE93}.Release|Any CPU.Build.0 = Release|Any CPU
		{7ECA7F5F-34AB-42FC-9905-FE0FF209BE93}.Release|x64.ActiveCfg = Release|Any CPU
		{7ECA7F5F-34AB-42FC-9905-FE0FF209BE93}.Release|x64.Build.0 = Release|Any CPU
		{7ECA7F5F-34AB-42FC-9905-FE0FF209BE93}.Release|x86.ActiveCfg = Release|Any CPU
		{7ECA7F5F-34AB-42FC-9905-FE0FF209BE93}.Release|x86.Build.0 = Release|Any CPU
		{57362EC0-7F79-4CB4-808C-571AC6C9C4EB}.Debug|Any CPU.ActiveCfg = Debug|Any CPU
		{57362EC0-7F79-4CB4-808C-571AC6C9C4EB}.Debug|Any CPU.Build.0 = Debug|Any CPU
		{57362EC0-7F79-4CB4-808C-571AC6C9C4EB}.Debug|x64.ActiveCfg = Debug|Any CPU
		{57362EC0-7F79-4CB4-808C-571AC6C9C4EB}.Debug|x64.Build.0 = Debug|Any CPU
		{57362EC0-7F79-4CB4-808C-571AC6C9C4EB}.Debug|x86.ActiveCfg = Debug|Any CPU
		{57362EC0-7F79-4CB4-808C-571AC6C9C4EB}.Debug|x86.Build.0 = Debug|Any CPU
		{57362EC0-7F79-4CB4-808C-571AC6C9C4EB}.Release|Any CPU.ActiveCfg = Release|Any CPU
		{57362EC0-7F79-4CB4-808C-571AC6C9C4EB}.Release|Any CPU.Build.0 = Release|Any CPU
		{57362EC0-7F79-4CB4-808C-571AC6C9C4EB}.Release|x64.ActiveCfg = Release|Any CPU
		{57362EC0-7F79-4CB4-808C-571AC6C9C4EB}.Release|x64.Build.0 = Release|Any CPU
		{57362EC0-7F79-4CB4-808C-571AC6C9C4EB}.Release|x86.ActiveCfg = Release|Any CPU
		{57362EC0-7F79-4CB4-808C-571AC6C9C4EB}.Release|x86.Build.0 = Release|Any CPU
		{38883113-D556-4601-BDDE-B6B839139880}.Debug|Any CPU.ActiveCfg = Debug|Any CPU
		{38883113-D556-4601-BDDE-B6B839139880}.Debug|Any CPU.Build.0 = Debug|Any CPU
		{38883113-D556-4601-BDDE-B6B839139880}.Debug|x64.ActiveCfg = Debug|Any CPU
		{38883113-D556-4601-BDDE-B6B839139880}.Debug|x64.Build.0 = Debug|Any CPU
		{38883113-D556-4601-BDDE-B6B839139880}.Debug|x86.ActiveCfg = Debug|Any CPU
		{38883113-D556-4601-BDDE-B6B839139880}.Debug|x86.Build.0 = Debug|Any CPU
		{38883113-D556-4601-BDDE-B6B839139880}.Release|Any CPU.ActiveCfg = Release|Any CPU
		{38883113-D556-4601-BDDE-B6B839139880}.Release|Any CPU.Build.0 = Release|Any CPU
		{38883113-D556-4601-BDDE-B6B839139880}.Release|x64.ActiveCfg = Release|Any CPU
		{38883113-D556-4601-BDDE-B6B839139880}.Release|x64.Build.0 = Release|Any CPU
		{38883113-D556-4601-BDDE-B6B839139880}.Release|x86.ActiveCfg = Release|Any CPU
		{38883113-D556-4601-BDDE-B6B839139880}.Release|x86.Build.0 = Release|Any CPU
		{B8371C0B-2EE9-4CE6-97C7-D8A045A17EEC}.Debug|Any CPU.ActiveCfg = Debug|Any CPU
		{B8371C0B-2EE9-4CE6-97C7-D8A045A17EEC}.Debug|Any CPU.Build.0 = Debug|Any CPU
		{B8371C0B-2EE9-4CE6-97C7-D8A045A17EEC}.Debug|x64.ActiveCfg = Debug|Any CPU
		{B8371C0B-2EE9-4CE6-97C7-D8A045A17EEC}.Debug|x64.Build.0 = Debug|Any CPU
		{B8371C0B-2EE9-4CE6-97C7-D8A045A17EEC}.Debug|x86.ActiveCfg = Debug|Any CPU
		{B8371C0B-2EE9-4CE6-97C7-D8A045A17EEC}.Debug|x86.Build.0 = Debug|Any CPU
		{B8371C0B-2EE9-4CE6-97C7-D8A045A17EEC}.Release|Any CPU.ActiveCfg = Release|Any CPU
		{B8371C0B-2EE9-4CE6-97C7-D8A045A17EEC}.Release|Any CPU.Build.0 = Release|Any CPU
		{B8371C0B-2EE9-4CE6-97C7-D8A045A17EEC}.Release|x64.ActiveCfg = Release|Any CPU
		{B8371C0B-2EE9-4CE6-97C7-D8A045A17EEC}.Release|x64.Build.0 = Release|Any CPU
		{B8371C0B-2EE9-4CE6-97C7-D8A045A17EEC}.Release|x86.ActiveCfg = Release|Any CPU
		{B8371C0B-2EE9-4CE6-97C7-D8A045A17EEC}.Release|x86.Build.0 = Release|Any CPU
	EndGlobalSection
	GlobalSection(SolutionProperties) = preSolution
		HideSolutionNode = FALSE
	EndGlobalSection
	GlobalSection(ExtensibilityGlobals) = postSolution
		SolutionGuid = {F8251650-639F-4B2E-8C69-4D7EBB11F9F3}
	EndGlobalSection
EndGlobal
